
Microsoft Visual Studio Solution File, Format Version 12.00
# Visual Studio Version 17
VisualStudioVersion = 17.14.36301.6
MinimumVisualStudioVersion = 10.0.40219.1
Project("{FAE04EC0-301F-11D3-BF4B-00C04F79EFBC}") = "Messenger", "Messenger\Messenger.csproj", "{0A605280-0D89-46BA-B131-4BC44FC61927}"
EndProject
Project("{FAE04EC0-301F-11D3-BF4B-00C04F79EFBC}") = "Messenger.Shared", "Messenger\Messenger.Shared\Messenger.Shared.csproj", "{A6589E30-1326-486F-AB7F-5E2CDB7CAF84}"
EndProject
Project("{FAE04EC0-301F-11D3-BF4B-00C04F79EFBC}") = "Messenger.Client", "Messenger.Client\Messenger.Client.csproj", "{6FF4B4D5-4965-4579-914E-129A4F3C17EF}"
EndProject
Project("{FAE04EC0-301F-11D3-BF4B-00C04F79EFBC}") = "Messenger.ConsoleExample", "Messenger.ConsoleExample\Messenger.ConsoleExample.csproj", "{23E409A9-E12E-4336-AA7D-000F664DE84A}"
EndProject
Project("{FAE04EC0-301F-11D3-BF4B-00C04F79EFBC}") = "Messenger.WinForms", "Messenger.WinForms\Messenger.WinForms.csproj", "{B8F4B4D5-4965-4579-914E-129A4F3C17EF}"
EndProject
Global
	GlobalSection(SolutionConfigurationPlatforms) = preSolution
		Debug|Any CPU = Debug|Any CPU
		Debug|x64 = Debug|x64
		Debug|x86 = Debug|x86
		Release|Any CPU = Release|Any CPU
		Release|x64 = Release|x64
		Release|x86 = Release|x86
	EndGlobalSection
	GlobalSection(ProjectConfigurationPlatforms) = postSolution
		{0A605280-0D89-46BA-B131-4BC44FC61927}.Debug|Any CPU.ActiveCfg = Debug|Any CPU
		{0A605280-0D89-46BA-B131-4BC44FC61927}.Debug|Any CPU.Build.0 = Debug|Any CPU
		{0A605280-0D89-46BA-B131-4BC44FC61927}.Debug|x64.ActiveCfg = Debug|Any CPU
		{0A605280-0D89-46BA-B131-4BC44FC61927}.Debug|x64.Build.0 = Debug|Any CPU
		{0A605280-0D89-46BA-B131-4BC44FC61927}.Debug|x86.ActiveCfg = Debug|Any CPU
		{0A605280-0D89-46BA-B131-4BC44FC61927}.Debug|x86.Build.0 = Debug|Any CPU
		{0A605280-0D89-46BA-B131-4BC44FC61927}.Release|Any CPU.ActiveCfg = Release|Any CPU
		{0A605280-0D89-46BA-B131-4BC44FC61927}.Release|Any CPU.Build.0 = Release|Any CPU
		{0A605280-0D89-46BA-B131-4BC44FC61927}.Release|x64.ActiveCfg = Release|Any CPU
		{0A605280-0D89-46BA-B131-4BC44FC61927}.Release|x64.Build.0 = Release|Any CPU
		{0A605280-0D89-46BA-B131-4BC44FC61927}.Release|x86.ActiveCfg = Release|Any CPU
		{0A605280-0D89-46BA-B131-4BC44FC61927}.Release|x86.Build.0 = Release|Any CPU
		{A6589E30-1326-486F-AB7F-5E2CDB7CAF84}.Debug|Any CPU.ActiveCfg = Debug|Any CPU
		{A6589E30-1326-486F-AB7F-5E2CDB7CAF84}.Debug|Any CPU.Build.0 = Debug|Any CPU
		{A6589E30-1326-486F-AB7F-5E2CDB7CAF84}.Debug|x64.ActiveCfg = Debug|Any CPU
		{A6589E30-1326-486F-AB7F-5E2CDB7CAF84}.Debug|x64.Build.0 = Debug|Any CPU
		{A6589E30-1326-486F-AB7F-5E2CDB7CAF84}.Debug|x86.ActiveCfg = Debug|Any CPU
		{A6589E30-1326-486F-AB7F-5E2CDB7CAF84}.Debug|x86.Build.0 = Debug|Any CPU
		{A6589E30-1326-486F-AB7F-5E2CDB7CAF84}.Release|Any CPU.ActiveCfg = Release|Any CPU
		{A6589E30-1326-486F-AB7F-5E2CDB7CAF84}.Release|Any CPU.Build.0 = Release|Any CPU
		{A6589E30-1326-486F-AB7F-5E2CDB7CAF84}.Release|x64.ActiveCfg = Release|Any CPU
		{A6589E30-1326-486F-AB7F-5E2CDB7CAF84}.Release|x64.Build.0 = Release|Any CPU
		{A6589E30-1326-486F-AB7F-5E2CDB7CAF84}.Release|x86.ActiveCfg = Release|Any CPU
		{A6589E30-1326-486F-AB7F-5E2CDB7CAF84}.Release|x86.Build.0 = Release|Any CPU
		{6FF4B4D5-4965-4579-914E-129A4F3C17EF}.Debug|Any CPU.ActiveCfg = Debug|Any CPU
		{6FF4B4D5-4965-4579-914E-129A4F3C17EF}.Debug|Any CPU.Build.0 = Debug|Any CPU
		{6FF4B4D5-4965-4579-914E-129A4F3C17EF}.Debug|x64.ActiveCfg = Debug|Any CPU
		{6FF4B4D5-4965-4579-914E-129A4F3C17EF}.Debug|x64.Build.0 = Debug|Any CPU
		{6FF4B4D5-4965-4579-914E-129A4F3C17EF}.Debug|x86.ActiveCfg = Debug|Any CPU
		{6FF4B4D5-4965-4579-914E-129A4F3C17EF}.Debug|x86.Build.0 = Debug|Any CPU
		{6FF4B4D5-4965-4579-914E-129A4F3C17EF}.Release|Any CPU.ActiveCfg = Release|Any CPU
		{6FF4B4D5-4965-4579-914E-129A4F3C17EF}.Release|Any CPU.Build.0 = Release|Any CPU
		{6FF4B4D5-4965-4579-914E-129A4F3C17EF}.Release|x64.ActiveCfg = Release|Any CPU
		{6FF4B4D5-4965-4579-914E-129A4F3C17EF}.Release|x64.Build.0 = Release|Any CPU
		{6FF4B4D5-4965-4579-914E-129A4F3C17EF}.Release|x86.ActiveCfg = Release|Any CPU
		{6FF4B4D5-4965-4579-914E-129A4F3C17EF}.Release|x86.Build.0 = Release|Any CPU
		{23E409A9-E12E-4336-AA7D-000F664DE84A}.Debug|Any CPU.ActiveCfg = Debug|Any CPU
		{23E409A9-E12E-4336-AA7D-000F664DE84A}.Debug|Any CPU.Build.0 = Debug|Any CPU
		{23E409A9-E12E-4336-AA7D-000F664DE84A}.Debug|x64.ActiveCfg = Debug|Any CPU
		{23E409A9-E12E-4336-AA7D-000F664DE84A}.Debug|x64.Build.0 = Debug|Any CPU
		{23E409A9-E12E-4336-AA7D-000F664DE84A}.Debug|x86.ActiveCfg = Debug|Any CPU
		{23E409A9-E12E-4336-AA7D-000F664DE84A}.Debug|x86.Build.0 = Debug|Any CPU
		{23E409A9-E12E-4336-AA7D-000F664DE84A}.Release|Any CPU.ActiveCfg = Release|Any CPU
		{23E409A9-E12E-4336-AA7D-000F664DE84A}.Release|Any CPU.Build.0 = Release|Any CPU
		{23E409A9-E12E-4336-AA7D-000F664DE84A}.Release|x64.ActiveCfg = Release|Any CPU
		{23E409A9-E12E-4336-AA7D-000F664DE84A}.Release|x64.Build.0 = Release|Any CPU
		{23E409A9-E12E-4336-AA7D-000F664DE84A}.Release|x86.ActiveCfg = Release|Any CPU
		{23E409A9-E12E-4336-AA7D-000F664DE84A}.Release|x86.Build.0 = Release|Any CPU
		{B8F4B4D5-4965-4579-914E-129A4F3C17EF}.Debug|Any CPU.ActiveCfg = Debug|Any CPU
		{B8F4B4D5-4965-4579-914E-129A4F3C17EF}.Debug|Any CPU.Build.0 = Debug|Any CPU
		{B8F4B4D5-4965-4579-914E-129A4F3C17EF}.Debug|x64.ActiveCfg = Debug|Any CPU
		{B8F4B4D5-4965-4579-914E-129A4F3C17EF}.Debug|x64.Build.0 = Debug|Any CPU
		{B8F4B4D5-4965-4579-914E-129A4F3C17EF}.Debug|x86.ActiveCfg = Debug|Any CPU
		{B8F4B4D5-4965-4579-914E-129A4F3C17EF}.Debug|x86.Build.0 = Debug|Any CPU
		{B8F4B4D5-4965-4579-914E-129A4F3C17EF}.Release|Any CPU.ActiveCfg = Release|Any CPU
		{B8F4B4D5-4965-4579-914E-129A4F3C17EF}.Release|Any CPU.Build.0 = Release|Any CPU
		{B8F4B4D5-4965-4579-914E-129A4F3C17EF}.Release|x64.ActiveCfg = Release|Any CPU
		{B8F4B4D5-4965-4579-914E-129A4F3C17EF}.Release|x64.Build.0 = Release|Any CPU
		{B8F4B4D5-4965-4579-914E-129A4F3C17EF}.Release|x86.ActiveCfg = Release|Any CPU
		{B8F4B4D5-4965-4579-914E-129A4F3C17EF}.Release|x86.Build.0 = Release|Any CPU
	EndGlobalSection
	GlobalSection(SolutionProperties) = preSolution
		HideSolutionNode = FALSE
	EndGlobalSection
	GlobalSection(ExtensibilityGlobals) = postSolution
		SolutionGuid = {074F8844-5C5D-4D6A-8EF1-8919DA250526}
	EndGlobalSection
EndGlobal
